<?xml version="1.0" encoding="utf-8"?>
<Project ToolsVersion="4.0" xmlns="http://schemas.microsoft.com/developer/msbuild/2003">
  <ItemGroup>
    <Filter Include="Source Files">
      <UniqueIdentifier>{4FC737F1-C7A5-4376-A066-2A32D752A2FF}</UniqueIdentifier>
      <Extensions>cpp;c;cc;cxx;def;odl;idl;hpj;bat;asm;asmx</Extensions>
    </Filter>
    <Filter Include="Header Files">
      <UniqueIdentifier>{93995380-89BD-4b04-88EB-625FBE52EBFB}</UniqueIdentifier>
      <Extensions>h;hh;hpp;hxx;hm;inl;inc;xsd</Extensions>
    </Filter>
    <Filter Include="Source Files\Sprites">
      <UniqueIdentifier>{58a8b4ab-d118-476d-b54d-7c6d852fb497}</UniqueIdentifier>
    </Filter>
    <Filter Include="Header Files\Sprites">
      <UniqueIdentifier>{82a72fa5-ae8c-430a-a4a8-712af1bea9c5}</UniqueIdentifier>
    </Filter>
    <Filter Include="Header Files\States">
      <UniqueIdentifier>{9192cc62-b67d-4ffc-862e-f5d7891a31f3}</UniqueIdentifier>
    </Filter>
    <Filter Include="Source Files\States">
      <UniqueIdentifier>{4e8b45f5-be4f-476d-8af3-3709df3a249f}</UniqueIdentifier>
    </Filter>
  </ItemGroup>
  <ItemGroup>
    <ClInclude Include="include\ZGBMain.h">
      <Filter>Header Files</Filter>
    </ClInclude>
    <ClInclude Include="include\Trig.h">
      <Filter>Header Files</Filter>
    </ClInclude>
    <ClInclude Include="include\SpriteBird.h">
      <Filter>Header Files\Sprites</Filter>
    </ClInclude>
    <ClInclude Include="include\SpriteCrosshair.h">
      <Filter>Header Files\Sprites</Filter>
    </ClInclude>
    <ClInclude Include="include\SpritePlayer.h">
      <Filter>Header Files\Sprites</Filter>
    </ClInclude>
    <ClInclude Include="include\SpriteWolf.h">
      <Filter>Header Files\Sprites</Filter>
    </ClInclude>
    <ClInclude Include="include\SpriteLife.h">
      <Filter>Header Files\Sprites</Filter>
    </ClInclude>
    <ClInclude Include="include\SpritePlatform.h">
      <Filter>Header Files\Sprites</Filter>
    </ClInclude>
    <ClInclude Include="include\SpriteBubble.h">
      <Filter>Header Files\Sprites</Filter>
    </ClInclude>
    <ClInclude Include="include\SpriteFriendSheep.h">
      <Filter>Header Files\Sprites</Filter>
    </ClInclude>
    <ClInclude Include="include\SpritePop.h">
      <Filter>Header Files\Sprites</Filter>
    </ClInclude>
    <ClInclude Include="include\StateGame.h">
      <Filter>Header Files\States</Filter>
    </ClInclude>
    <ClInclude Include="include\StateMenu.h">
      <Filter>Header Files\States</Filter>
    </ClInclude>
    <ClInclude Include="include\StateGameOver.h">
      <Filter>Header Files\States</Filter>
    </ClInclude>
    <ClInclude Include="include\StateGameEnd.h">
      <Filter>Header Files\States</Filter>
    </ClInclude>
  </ItemGroup>
  <ItemGroup>
    <ClCompile Include="src\ZGBMain.c">
      <Filter>Source Files</Filter>
    </ClCompile>
    <ClCompile Include="src\ZGBMain_Init.c">
      <Filter>Source Files</Filter>
    </ClCompile>
    <ClCompile Include="src\GameParams.c">
      <Filter>Source Files</Filter>
    </ClCompile>
    <ClCompile Include="src\Trig.c">
      <Filter>Source Files</Filter>
    </ClCompile>
    <ClCompile Include="src\SpriteBird.c">
      <Filter>Source Files\Sprites</Filter>
    </ClCompile>
    <ClCompile Include="src\SpriteCrosshair.c">
      <Filter>Source Files\Sprites</Filter>
    </ClCompile>
    <ClCompile Include="src\SpritePlayer.c">
      <Filter>Source Files\Sprites</Filter>
    </ClCompile>
    <ClCompile Include="src\SpriteWolf.c">
      <Filter>Source Files\Sprites</Filter>
    </ClCompile>
    <ClCompile Include="src\SpriteLife.c">
      <Filter>Source Files\Sprites</Filter>
    </ClCompile>
    <ClCompile Include="src\SpritePlatform.c">
      <Filter>Source Files\Sprites</Filter>
    </ClCompile>
    <ClCompile Include="src\SpriteFriendSheep.c">
      <Filter>Source Files\Sprites</Filter>
    </ClCompile>
    <ClCompile Include="src\SpritePop.c">
      <Filter>Source Files\Sprites</Filter>
    </ClCompile>
    <ClCompile Include="src\SpriteBubble.c">
      <Filter>Source Files\Sprites</Filter>
    </ClCompile>
    <ClCompile Include="src\StateGame.c">
      <Filter>Source Files\States</Filter>
    </ClCompile>
    <ClCompile Include="src\StateMenu.c">
      <Filter>Source Files\States</Filter>
    </ClCompile>
    <ClCompile Include="src\Levels.c">
      <Filter>Source Files</Filter>
    </ClCompile>
    <ClCompile Include="src\StateGameOver.c">
      <Filter>Source Files\States</Filter>
    </ClCompile>
    <ClCompile Include="src\StateGameEnd.c">
      <Filter>Source Files\States</Filter>
    </ClCompile>
  </ItemGroup>
  <ItemGroup>
    <None Include="src\Makefile" />
  </ItemGroup>
</Project>